
Microsoft Visual Studio Solution File, Format Version 12.00
# Visual Studio Version 17
VisualStudioVersion = 17.14.36221.1 d17.14
MinimumVisualStudioVersion = 10.0.40219.1
Project("{FAE04EC0-301F-11D3-BF4B-00C04F79EFBC}") = "FormBuilderApi", "FormBuilderApi\FormBuilderApi.csproj", "{408DABB9-690F-42F4-9975-C1DB0E6FB5DA}"
EndProject
Global
	GlobalSection(SolutionConfigurationPlatforms) = preSolution
		Debug|Any CPU = Debug|Any CPU
		Release|Any CPU = Release|Any CPU
	EndGlobalSection
	GlobalSection(ProjectConfigurationPlatforms) = postSolution
		{408DABB9-690F-42F4-9975-C1DB0E6FB5DA}.Debug|Any CPU.ActiveCfg = Debug|Any CPU
		{408DABB9-690F-42F4-9975-C1DB0E6FB5DA}.Debug|Any CPU.Build.0 = Debug|Any CPU
		{408DABB9-690F-42F4-9975-C1DB0E6FB5DA}.Release|Any CPU.ActiveCfg = Release|Any CPU
		{408DABB9-690F-42F4-9975-C1DB0E6FB5DA}.Release|Any CPU.Build.0 = Release|Any CPU
	EndGlobalSection
	GlobalSection(SolutionProperties) = preSolution
		HideSolutionNode = FALSE
	EndGlobalSection
	GlobalSection(ExtensibilityGlobals) = postSolution
		SolutionGuid = {3ED7E808-1B27-483F-AECC-C0324EA4E82E}
	EndGlobalSection
EndGlobal
